{
  "version": 4,
  "terraform_version": "1.6.0",
  "serial": 76,
  "lineage": "3586a71e-310f-8141-6a2d-c0776bea37b0",
  "outputs": {
    "http_api_urls": {
      "value": {
        "dev": "https://p6c18jgly1.execute-api.us-east-1.amazonaws.com/dev",
        "qa": "https://p6c18jgly1.execute-api.us-east-1.amazonaws.com/qa"
      },
      "type": [
        "object",
        {
          "dev": "string",
          "qa": "string"
        }
      ]
    },
    "rest_api_urls": {
      "value": {
        "dev": "https://122ipm2a6b.execute-api.us-east-1.amazonaws.com/dev/api",
        "qa": "https://122ipm2a6b.execute-api.us-east-1.amazonaws.com/qa/api"
      },
      "type": [
        "object",
        {
          "dev": "string",
          "qa": "string"
        }
      ]
    }
  },
  "resources": [
    {
      "mode": "data",
      "type": "archive_file",
      "name": "authorizer_zip",
      "provider": "provider[\"registry.terraform.io/hashicorp/archive\"]",
      "instances": [
        {
          "schema_version": 0,
          "attributes": {
            "exclude_symlink_directories": null,
            "excludes": null,
            "id": "86dd4b87293dcadb9af03fb3e7029820f6035197",
            "output_base64sha256": "CgazNc0s8INV0x+SuzNGTpixtIZXyesZ07+1ZCPG1+s=",
            "output_base64sha512": "Jxi0bHUGTCLHf5ETDlJDdUnNR8EXLr+OrqnHfHCez8IOfjLUSXxYA8G0yuO8wuxG7/SOYqxDG1FsDux5+4WnBw==",
            "output_file_mode": null,
            "output_md5": "3ea191c14c17194d2668e60cf880a4d9",
            "output_path": "./authorizer.zip",
            "output_sha": "86dd4b87293dcadb9af03fb3e7029820f6035197",
            "output_sha256": "0a06b335cd2cf08355d31f92bb33464e98b1b48657c9eb19d3bfb56423c6d7eb",
            "output_sha512": "2718b46c75064c22c77f91130e52437549cd47c1172ebf8eaea9c77c709ecfc20e7e32d4497c5803c1b4cae3bcc2ec46eff48e62ac431b516c0eec79fb85a707",
            "output_size": 765,
            "source": [],
            "source_content": null,
            "source_content_filename": null,
            "source_dir": null,
            "source_file": "./lambda/authorizer.js",
            "type": "zip"
          },
          "sensitive_attributes": []
        }
      ]
    },
    {
      "mode": "data",
      "type": "archive_file",
      "name": "lambda_zip",
      "provider": "provider[\"registry.terraform.io/hashicorp/archive\"]",
      "instances": [
        {
          "schema_version": 0,
          "attributes": {
            "exclude_symlink_directories": null,
            "excludes": null,
            "id": "b2b342d1b2d969505edc3b4a6cc3ec27585d8c3d",
            "output_base64sha256": "TVjKKX+lYJHggiI9+x7DYWnvnGAz7d0uod9ay2KhDuk=",
            "output_base64sha512": "aC4ACZyUx0oadEgPsBNnWkeaPz+AYmMh5pzEW9ayTzFSWbrs+yi7kutna60/r3ZakuDjs46Q2Zc3PIIi1VFdlA==",
            "output_file_mode": null,
            "output_md5": "861d495d4c01dd090022f2015373bd96",
            "output_path": "./lambda.zip",
            "output_sha": "b2b342d1b2d969505edc3b4a6cc3ec27585d8c3d",
            "output_sha256": "4d58ca297fa56091e082223dfb1ec36169ef9c6033eddd2ea1df5acb62a10ee9",
            "output_sha512": "682e00099c94c74a1a74480fb013675a479a3f3f80626321e69cc45bd6b24f315259baecfb28bb92eb676bad3faf765a92e0e3b38e90d997373c8222d5515d94",
            "output_size": 1284,
            "source": [],
            "source_content": null,
            "source_content_filename": null,
            "source_dir": "./lambda",
            "source_file": null,
            "type": "zip"
          },
          "sensitive_attributes": []
        }
      ]
    },
    {
      "mode": "managed",
      "type": "aws_api_gateway_account",
      "name": "this",
      "provider": "provider[\"registry.terraform.io/hashicorp/aws\"]",
      "instances": [
        {
          "schema_version": 0,
          "attributes": {
            "api_key_version": "4",
            "cloudwatch_role_arn": "arn:aws:iam::302263066496:role/api-gateway-cloudwatch-dev",
            "features": [
              "UsagePlans"
            ],
            "id": "302263066496",
            "region": "us-east-1",
            "throttle_settings": [
              {
                "burst_limit": 5000,
                "rate_limit": 10000
              }
            ]
          },
          "sensitive_attributes": [],
          "dependencies": [
            "aws_iam_role.apigateway_cloudwatch"
          ]
        }
      ]
    },
    {
      "mode": "managed",
      "type": "aws_api_gateway_authorizer",
      "name": "lambda_authorizer",
      "provider": "provider[\"registry.terraform.io/hashicorp/aws\"]",
      "instances": [
        {
          "schema_version": 0,
          "attributes": {
            "arn": "arn:aws:apigateway:us-east-1::/restapis/122ipm2a6b/authorizers/dz48g5",
            "authorizer_credentials": "arn:aws:iam::302263066496:role/api-gateway-auth-invocation-dev",
            "authorizer_result_ttl_in_seconds": 300,
            "authorizer_uri": "arn:aws:apigateway:us-east-1:lambda:path/2015-03-31/functions/arn:aws:lambda:us-east-1:302263066496:function:api-authorizer-dev/invocations",
            "id": "dz48g5",
            "identity_source": "method.request.header.Authorization",
            "identity_validation_expression": "",
            "name": "lambda-authorizer-dev",
            "provider_arns": [],
            "region": "us-east-1",
            "rest_api_id": "122ipm2a6b",
            "type": "REQUEST"
          },
          "sensitive_attributes": [],
          "private": "bnVsbA==",
          "dependencies": [
            "aws_api_gateway_rest_api.rest_api",
            "aws_iam_role.authorizer_invocation",
            "aws_iam_role.lambda_role",
            "aws_lambda_function.authorizer",
            "data.archive_file.authorizer_zip"
          ],
          "create_before_destroy": true
        }
      ]
    },
    {
      "mode": "managed",
      "type": "aws_api_gateway_deployment",
      "name": "rest_api",
      "provider": "provider[\"registry.terraform.io/hashicorp/aws\"]",
      "instances": [
        {
          "schema_version": 0,
          "attributes": {
            "created_date": "2025-10-07T07:33:52Z",
            "description": "",
            "id": "4i6ca4",
            "region": "us-east-1",
            "rest_api_id": "122ipm2a6b",
            "triggers": null,
            "variables": null
          },
          "sensitive_attributes": [],
          "private": "bnVsbA==",
          "dependencies": [
            "aws_api_gateway_authorizer.lambda_authorizer",
            "aws_api_gateway_integration.cors",
            "aws_api_gateway_integration.lambda",
            "aws_api_gateway_method.cors",
            "aws_api_gateway_method.proxy",
            "aws_api_gateway_resource.api",
            "aws_api_gateway_resource.proxy",
            "aws_api_gateway_rest_api.rest_api",
            "aws_iam_role.authorizer_invocation",
            "aws_iam_role.lambda_role",
            "aws_lambda_function.api_handler",
            "aws_lambda_function.authorizer",
            "data.archive_file.authorizer_zip",
            "data.archive_file.lambda_zip"
          ],
          "create_before_destroy": true
        }
      ]
    },
    {
      "mode": "managed",
      "type": "aws_api_gateway_integration",
      "name": "cors",
      "provider": "provider[\"registry.terraform.io/hashicorp/aws\"]",
      "instances": [
        {
          "schema_version": 0,
          "attributes": {
            "cache_key_parameters": [],
            "cache_namespace": "1jrdh7",
            "connection_id": "",
            "connection_type": "INTERNET",
            "content_handling": "",
            "credentials": "",
            "http_method": "OPTIONS",
            "id": "agi-122ipm2a6b-1jrdh7-OPTIONS",
            "integration_http_method": "",
            "passthrough_behavior": "WHEN_NO_MATCH",
            "region": "us-east-1",
            "request_parameters": {},
            "request_templates": {
              "application/json": "{\"statusCode\":200}"
            },
            "resource_id": "1jrdh7",
            "rest_api_id": "122ipm2a6b",
            "timeout_milliseconds": 29000,
            "tls_config": [],
            "type": "MOCK",
            "uri": ""
          },
          "sensitive_attributes": [],
          "private": "bnVsbA==",
          "dependencies": [
            "aws_api_gateway_method.cors",
            "aws_api_gateway_resource.api",
            "aws_api_gateway_resource.proxy",
            "aws_api_gateway_rest_api.rest_api"
          ],
          "create_before_destroy": true
        }
      ]
    },
    {
      "mode": "managed",
      "type": "aws_api_gateway_integration",
      "name": "lambda",
      "provider": "provider[\"registry.terraform.io/hashicorp/aws\"]",
      "instances": [
        {
          "schema_version": 0,
          "attributes": {
            "cache_key_parameters": [],
            "cache_namespace": "1jrdh7",
            "connection_id": "",
            "connection_type": "INTERNET",
            "content_handling": "",
            "credentials": "",
            "http_method": "ANY",
            "id": "agi-122ipm2a6b-1jrdh7-ANY",
            "integration_http_method": "POST",
            "passthrough_behavior": "WHEN_NO_MATCH",
            "region": "us-east-1",
            "request_parameters": {},
            "request_templates": {},
            "resource_id": "1jrdh7",
            "rest_api_id": "122ipm2a6b",
            "timeout_milliseconds": 29000,
            "tls_config": [],
            "type": "AWS_PROXY",
            "uri": "arn:aws:apigateway:us-east-1:lambda:path/2015-03-31/functions/arn:aws:lambda:us-east-1:302263066496:function:api-handler-dev/invocations"
          },
          "sensitive_attributes": [],
          "private": "bnVsbA==",
          "dependencies": [
            "aws_api_gateway_authorizer.lambda_authorizer",
            "aws_api_gateway_method.proxy",
            "aws_api_gateway_resource.api",
            "aws_api_gateway_resource.proxy",
            "aws_api_gateway_rest_api.rest_api",
            "aws_iam_role.authorizer_invocation",
            "aws_iam_role.lambda_role",
            "aws_lambda_function.api_handler",
            "aws_lambda_function.authorizer",
            "data.archive_file.authorizer_zip",
            "data.archive_file.lambda_zip"
          ],
          "create_before_destroy": true
        }
      ]
    },
    {
      "mode": "managed",
      "type": "aws_api_gateway_integration_response",
      "name": "cors",
      "provider": "provider[\"registry.terraform.io/hashicorp/aws\"]",
      "instances": [
        {
          "schema_version": 0,
          "attributes": {
            "content_handling": "",
            "http_method": "OPTIONS",
            "id": "agir-122ipm2a6b-1jrdh7-OPTIONS-200",
            "region": "us-east-1",
            "resource_id": "1jrdh7",
            "response_parameters": {
              "method.response.header.Access-Control-Allow-Headers": "'Content-Type,X-Amz-Date,Authorization,X-Api-Key,X-Amz-Security-Token'",
              "method.response.header.Access-Control-Allow-Methods": "'GET,POST,PUT,DELETE,OPTIONS'",
              "method.response.header.Access-Control-Allow-Origin": "'*'"
            },
            "response_templates": {},
            "rest_api_id": "122ipm2a6b",
            "selection_pattern": "",
            "status_code": "200"
          },
          "sensitive_attributes": [],
          "private": "bnVsbA==",
          "dependencies": [
            "aws_api_gateway_method.cors",
            "aws_api_gateway_method_response.cors",
            "aws_api_gateway_resource.api",
            "aws_api_gateway_resource.proxy",
            "aws_api_gateway_rest_api.rest_api"
          ]
        }
      ]
    },
    {
      "mode": "managed",
      "type": "aws_api_gateway_method",
      "name": "cors",
      "provider": "provider[\"registry.terraform.io/hashicorp/aws\"]",
      "instances": [
        {
          "schema_version": 0,
          "attributes": {
            "api_key_required": false,
            "authorization": "NONE",
            "authorization_scopes": [],
            "authorizer_id": "",
            "http_method": "OPTIONS",
            "id": "agm-122ipm2a6b-1jrdh7-OPTIONS",
            "operation_name": "",
            "region": "us-east-1",
            "request_models": {},
            "request_parameters": {},
            "request_validator_id": "",
            "resource_id": "1jrdh7",
            "rest_api_id": "122ipm2a6b"
          },
          "sensitive_attributes": [],
          "private": "bnVsbA==",
          "dependencies": [
            "aws_api_gateway_resource.api",
            "aws_api_gateway_resource.proxy",
            "aws_api_gateway_rest_api.rest_api"
          ],
          "create_before_destroy": true
        }
      ]
    },
    {
      "mode": "managed",
      "type": "aws_api_gateway_method",
      "name": "proxy",
      "provider": "provider[\"registry.terraform.io/hashicorp/aws\"]",
      "instances": [
        {
          "schema_version": 0,
          "attributes": {
            "api_key_required": false,
            "authorization": "CUSTOM",
            "authorization_scopes": [],
            "authorizer_id": "dz48g5",
            "http_method": "ANY",
            "id": "agm-122ipm2a6b-1jrdh7-ANY",
            "operation_name": "",
            "region": "us-east-1",
            "request_models": {},
            "request_parameters": {
              "method.request.path.proxy": true
            },
            "request_validator_id": "",
            "resource_id": "1jrdh7",
            "rest_api_id": "122ipm2a6b"
          },
          "sensitive_attributes": [],
          "private": "bnVsbA==",
          "dependencies": [
            "aws_api_gateway_authorizer.lambda_authorizer",
            "aws_api_gateway_resource.api",
            "aws_api_gateway_resource.proxy",
            "aws_api_gateway_rest_api.rest_api",
            "aws_iam_role.authorizer_invocation",
            "aws_iam_role.lambda_role",
            "aws_lambda_function.authorizer",
            "data.archive_file.authorizer_zip"
          ],
          "create_before_destroy": true
        }
      ]
    },
    {
      "mode": "managed",
      "type": "aws_api_gateway_method_response",
      "name": "cors",
      "provider": "provider[\"registry.terraform.io/hashicorp/aws\"]",
      "instances": [
        {
          "schema_version": 0,
          "attributes": {
            "http_method": "OPTIONS",
            "id": "agmr-122ipm2a6b-1jrdh7-OPTIONS-200",
            "region": "us-east-1",
            "resource_id": "1jrdh7",
            "response_models": {
              "application/json": "Empty"
            },
            "response_parameters": {
              "method.response.header.Access-Control-Allow-Headers": true,
              "method.response.header.Access-Control-Allow-Methods": true,
              "method.response.header.Access-Control-Allow-Origin": true
            },
            "rest_api_id": "122ipm2a6b",
            "status_code": "200"
          },
          "sensitive_attributes": [],
          "private": "bnVsbA==",
          "dependencies": [
            "aws_api_gateway_method.cors",
            "aws_api_gateway_resource.api",
            "aws_api_gateway_resource.proxy",
            "aws_api_gateway_rest_api.rest_api"
          ]
        }
      ]
    },
    {
      "mode": "managed",
      "type": "aws_api_gateway_method_response",
      "name": "proxy",
      "provider": "provider[\"registry.terraform.io/hashicorp/aws\"]",
      "instances": [
        {
          "schema_version": 0,
          "attributes": {
            "http_method": "ANY",
            "id": "agmr-122ipm2a6b-1jrdh7-ANY-200",
            "region": "us-east-1",
            "resource_id": "1jrdh7",
            "response_models": {},
            "response_parameters": {
              "method.response.header.Access-Control-Allow-Origin": true
            },
            "rest_api_id": "122ipm2a6b",
            "status_code": "200"
          },
          "sensitive_attributes": [],
          "private": "bnVsbA==",
          "dependencies": [
            "aws_api_gateway_authorizer.lambda_authorizer",
            "aws_api_gateway_method.proxy",
            "aws_api_gateway_resource.api",
            "aws_api_gateway_resource.proxy",
            "aws_api_gateway_rest_api.rest_api",
            "aws_iam_role.authorizer_invocation",
            "aws_iam_role.lambda_role",
            "aws_lambda_function.authorizer",
            "data.archive_file.authorizer_zip"
          ]
        }
      ]
    },
    {
      "mode": "managed",
      "type": "aws_api_gateway_resource",
      "name": "api",
      "provider": "provider[\"registry.terraform.io/hashicorp/aws\"]",
      "instances": [
        {
          "schema_version": 0,
          "attributes": {
            "id": "uxj4oo",
            "parent_id": "fe2u72syri",
            "path": "/api",
            "path_part": "api",
            "region": "us-east-1",
            "rest_api_id": "122ipm2a6b"
          },
          "sensitive_attributes": [],
          "private": "bnVsbA==",
          "dependencies": [
            "aws_api_gateway_rest_api.rest_api"
          ],
          "create_before_destroy": true
        }
      ]
    },
    {
      "mode": "managed",
      "type": "aws_api_gateway_resource",
      "name": "proxy",
      "provider": "provider[\"registry.terraform.io/hashicorp/aws\"]",
      "instances": [
        {
          "schema_version": 0,
          "attributes": {
            "id": "1jrdh7",
            "parent_id": "uxj4oo",
            "path": "/api/{proxy+}",
            "path_part": "{proxy+}",
            "region": "us-east-1",
            "rest_api_id": "122ipm2a6b"
          },
          "sensitive_attributes": [],
          "private": "bnVsbA==",
          "dependencies": [
            "aws_api_gateway_resource.api",
            "aws_api_gateway_rest_api.rest_api"
          ],
          "create_before_destroy": true
        }
      ]
    },
    {
      "mode": "managed",
      "type": "aws_api_gateway_rest_api",
      "name": "rest_api",
      "provider": "provider[\"registry.terraform.io/hashicorp/aws\"]",
      "instances": [
        {
          "schema_version": 0,
          "attributes": {
            "api_key_source": "HEADER",
            "arn": "arn:aws:apigateway:us-east-1::/restapis/122ipm2a6b",
            "binary_media_types": [],
            "body": null,
            "created_date": "2025-10-07T07:07:22Z",
            "description": "REST API Gateway with Lambda integration",
            "disable_execute_api_endpoint": false,
            "endpoint_configuration": [
              {
                "ip_address_type": "ipv4",
                "types": [
                  "REGIONAL"
                ],
                "vpc_endpoint_ids": []
              }
            ],
            "execution_arn": "arn:aws:execute-api:us-east-1:302263066496:122ipm2a6b",
            "fail_on_warnings": null,
            "id": "122ipm2a6b",
            "minimum_compression_size": "",
            "name": "rest-api-dev",
            "parameters": null,
            "policy": "",
            "put_rest_api_mode": null,
            "region": "us-east-1",
            "root_resource_id": "fe2u72syri",
            "tags": {
              "Environment": "dev",
              "Managed_by": "terraform"
            },
            "tags_all": {
              "Environment": "dev",
              "Managed_by": "terraform"
            }
          },
          "sensitive_attributes": [],
          "private": "bnVsbA==",
          "create_before_destroy": true
        }
      ]
    },
    {
      "mode": "managed",
      "type": "aws_api_gateway_stage",
      "name": "rest_api",
      "provider": "provider[\"registry.terraform.io/hashicorp/aws\"]",
      "instances": [
        {
          "index_key": "dev",
          "schema_version": 0,
          "attributes": {
            "access_log_settings": [
              {
                "destination_arn": "arn:aws:logs:us-east-1:302263066496:log-group:/aws/apigateway/rest/rest-api-dev/dev",
                "format": "{\"httpMethod\":\"$context.httpMethod\",\"integrationLatency\":\"$context.integrationLatency\",\"ip\":\"$context.identity.sourceIp\",\"protocol\":\"$context.protocol\",\"requestId\":\"$context.requestId\",\"requestTime\":\"$context.requestTime\",\"resourcePath\":\"$context.resourcePath\",\"responseLength\":\"$context.responseLength\",\"status\":\"$context.status\"}"
              }
            ],
            "arn": "arn:aws:apigateway:us-east-1::/restapis/122ipm2a6b/stages/dev",
            "cache_cluster_enabled": false,
            "cache_cluster_size": "",
            "canary_settings": [],
            "client_certificate_id": "",
            "deployment_id": "4i6ca4",
            "description": "",
            "documentation_version": "",
            "execution_arn": "arn:aws:execute-api:us-east-1:302263066496:122ipm2a6b/dev",
            "id": "ags-122ipm2a6b-dev",
            "invoke_url": "https://122ipm2a6b.execute-api.us-east-1.amazonaws.com/dev",
            "region": "us-east-1",
            "rest_api_id": "122ipm2a6b",
            "stage_name": "dev",
            "tags": {
              "Environment": "dev",
              "Managed_by": "terraform",
              "Stage": "dev"
            },
            "tags_all": {
              "Environment": "dev",
              "Managed_by": "terraform",
              "Stage": "dev"
            },
            "variables": null,
            "web_acl_arn": "",
            "xray_tracing_enabled": true
          },
          "sensitive_attributes": [],
          "private": "bnVsbA==",
          "dependencies": [
            "aws_api_gateway_account.this",
            "aws_api_gateway_authorizer.lambda_authorizer",
            "aws_api_gateway_deployment.rest_api",
            "aws_api_gateway_integration.cors",
            "aws_api_gateway_integration.lambda",
            "aws_api_gateway_method.cors",
            "aws_api_gateway_method.proxy",
            "aws_api_gateway_resource.api",
            "aws_api_gateway_resource.proxy",
            "aws_api_gateway_rest_api.rest_api",
            "aws_cloudwatch_log_group.rest_api_logs",
            "aws_iam_role.apigateway_cloudwatch",
            "aws_iam_role.authorizer_invocation",
            "aws_iam_role.lambda_role",
            "aws_lambda_function.api_handler",
            "aws_lambda_function.authorizer",
            "data.archive_file.authorizer_zip",
            "data.archive_file.lambda_zip"
          ]
        },
        {
          "index_key": "qa",
          "schema_version": 0,
          "attributes": {
            "access_log_settings": [
              {
                "destination_arn": "arn:aws:logs:us-east-1:302263066496:log-group:/aws/apigateway/rest/rest-api-dev/qa",
                "format": "{\"httpMethod\":\"$context.httpMethod\",\"integrationLatency\":\"$context.integrationLatency\",\"ip\":\"$context.identity.sourceIp\",\"protocol\":\"$context.protocol\",\"requestId\":\"$context.requestId\",\"requestTime\":\"$context.requestTime\",\"resourcePath\":\"$context.resourcePath\",\"responseLength\":\"$context.responseLength\",\"status\":\"$context.status\"}"
              }
            ],
            "arn": "arn:aws:apigateway:us-east-1::/restapis/122ipm2a6b/stages/qa",
            "cache_cluster_enabled": false,
            "cache_cluster_size": "",
            "canary_settings": [],
            "client_certificate_id": "",
            "deployment_id": "4i6ca4",
            "description": "",
            "documentation_version": "",
            "execution_arn": "arn:aws:execute-api:us-east-1:302263066496:122ipm2a6b/qa",
            "id": "ags-122ipm2a6b-qa",
            "invoke_url": "https://122ipm2a6b.execute-api.us-east-1.amazonaws.com/qa",
            "region": "us-east-1",
            "rest_api_id": "122ipm2a6b",
            "stage_name": "qa",
            "tags": {
              "Environment": "qa",
              "Managed_by": "terraform",
              "Stage": "qa"
            },
            "tags_all": {
              "Environment": "qa",
              "Managed_by": "terraform",
              "Stage": "qa"
            },
            "variables": null,
            "web_acl_arn": "",
            "xray_tracing_enabled": true
          },
          "sensitive_attributes": [],
          "private": "bnVsbA==",
          "dependencies": [
            "aws_api_gateway_account.this",
            "aws_api_gateway_authorizer.lambda_authorizer",
            "aws_api_gateway_deployment.rest_api",
            "aws_api_gateway_integration.cors",
            "aws_api_gateway_integration.lambda",
            "aws_api_gateway_method.cors",
            "aws_api_gateway_method.proxy",
            "aws_api_gateway_resource.api",
            "aws_api_gateway_resource.proxy",
            "aws_api_gateway_rest_api.rest_api",
            "aws_cloudwatch_log_group.rest_api_logs",
            "aws_iam_role.apigateway_cloudwatch",
            "aws_iam_role.authorizer_invocation",
            "aws_iam_role.lambda_role",
            "aws_lambda_function.api_handler",
            "aws_lambda_function.authorizer",
            "data.archive_file.authorizer_zip",
            "data.archive_file.lambda_zip"
          ]
        }
      ]
    },
    {
      "mode": "managed",
      "type": "aws_apigatewayv2_api",
      "name": "HTTP_API",
      "provider": "provider[\"registry.terraform.io/hashicorp/aws\"]",
      "instances": [
        {
          "schema_version": 0,
          "attributes": {
            "api_endpoint": "https://p6c18jgly1.execute-api.us-east-1.amazonaws.com",
            "api_key_selection_expression": "$request.header.x-api-key",
            "arn": "arn:aws:apigateway:us-east-1::/apis/p6c18jgly1",
            "body": null,
            "cors_configuration": [
              {
                "allow_credentials": false,
                "allow_headers": [
                  "*"
                ],
                "allow_methods": [
                  "DELETE",
                  "GET",
                  "OPTIONS",
                  "POST",
                  "PUT"
                ],
                "allow_origins": [
                  "*"
                ],
                "expose_headers": [],
                "max_age": 0
              }
            ],
            "credentials_arn": null,
            "description": "HTTP API Gateway for Lambda integration",
            "disable_execute_api_endpoint": false,
            "execution_arn": "arn:aws:execute-api:us-east-1:302263066496:p6c18jgly1",
            "fail_on_warnings": null,
            "id": "p6c18jgly1",
            "ip_address_type": "ipv4",
            "name": "http-api-dev",
            "protocol_type": "HTTP",
            "region": "us-east-1",
            "route_key": null,
            "route_selection_expression": "$request.method $request.path",
            "tags": {
              "Environment": "dev",
              "Managed_by": "terraform"
            },
            "tags_all": {
              "Environment": "dev",
              "Managed_by": "terraform"
            },
            "target": null,
            "version": ""
          },
          "sensitive_attributes": [],
          "private": "bnVsbA=="
        }
      ]
    },
    {
      "mode": "managed",
      "type": "aws_apigatewayv2_integration",
      "name": "lambda_integration",
      "provider": "provider[\"registry.terraform.io/hashicorp/aws\"]",
      "instances": [
        {
          "schema_version": 0,
          "attributes": {
            "api_id": "p6c18jgly1",
            "connection_id": "",
            "connection_type": "INTERNET",
            "content_handling_strategy": "",
            "credentials_arn": "",
            "description": "",
            "id": "dz0sy9j",
            "integration_method": "POST",
            "integration_response_selection_expression": "",
            "integration_subtype": "",
            "integration_type": "AWS_PROXY",
            "integration_uri": "arn:aws:apigateway:us-east-1:lambda:path/2015-03-31/functions/arn:aws:lambda:us-east-1:302263066496:function:api-handler-dev/invocations",
            "passthrough_behavior": "",
            "payload_format_version": "2.0",
            "region": "us-east-1",
            "request_parameters": {},
            "request_templates": {},
            "response_parameters": [],
            "template_selection_expression": "",
            "timeout_milliseconds": 30000,
            "tls_config": []
          },
          "sensitive_attributes": [],
          "private": "bnVsbA==",
          "dependencies": [
            "aws_apigatewayv2_api.HTTP_API",
            "aws_iam_role.lambda_role",
            "aws_lambda_function.api_handler",
            "data.archive_file.lambda_zip"
          ]
        }
      ]
    },
    {
      "mode": "managed",
      "type": "aws_apigatewayv2_route",
      "name": "default_route",
      "provider": "provider[\"registry.terraform.io/hashicorp/aws\"]",
      "instances": [
        {
          "schema_version": 0,
          "attributes": {
            "api_id": "p6c18jgly1",
            "api_key_required": false,
            "authorization_scopes": [],
            "authorization_type": "NONE",
            "authorizer_id": "",
            "id": "nqp3blf",
            "model_selection_expression": "",
            "operation_name": "",
            "region": "us-east-1",
            "request_models": {},
            "request_parameter": [],
            "route_key": "ANY /api/{proxy+}",
            "route_response_selection_expression": "",
            "target": "integrations/dz0sy9j"
          },
          "sensitive_attributes": [],
          "private": "bnVsbA==",
          "dependencies": [
            "aws_apigatewayv2_api.HTTP_API",
            "aws_apigatewayv2_integration.lambda_integration",
            "aws_iam_role.lambda_role",
            "aws_lambda_function.api_handler",
            "data.archive_file.lambda_zip"
          ]
        }
      ]
    },
    {
      "mode": "managed",
      "type": "aws_apigatewayv2_stage",
      "name": "default",
      "provider": "provider[\"registry.terraform.io/hashicorp/aws\"]",
      "instances": [
        {
          "index_key": "dev",
          "schema_version": 0,
          "attributes": {
            "access_log_settings": [
              {
                "destination_arn": "arn:aws:logs:us-east-1:302263066496:log-group:/aws/apigateway/http-api-dev/dev",
                "format": "{\"httpMethod\":\"$context.httpMethod\",\"ip\":\"$context.identity.sourceIp\",\"protocol\":\"$context.protocol\",\"requestId\":\"$context.requestId\",\"requestTime\":\"$context.requestTime\",\"responseLength\":\"$context.responseLength\",\"responseTime\":\"$context.responseLatency\",\"routeKey\":\"$context.routeKey\",\"status\":\"$context.status\"}"
              }
            ],
            "api_id": "p6c18jgly1",
            "arn": "arn:aws:apigateway:us-east-1::/apis/p6c18jgly1/stages/dev",
            "auto_deploy": true,
            "client_certificate_id": "",
            "default_route_settings": [
              {
                "data_trace_enabled": false,
                "detailed_metrics_enabled": false,
                "logging_level": "",
                "throttling_burst_limit": 0,
                "throttling_rate_limit": 0
              }
            ],
            "deployment_id": "",
            "description": "",
            "execution_arn": "arn:aws:execute-api:us-east-1:302263066496:p6c18jgly1/dev",
            "id": "dev",
            "invoke_url": "https://p6c18jgly1.execute-api.us-east-1.amazonaws.com/dev",
            "name": "dev",
            "region": "us-east-1",
            "route_settings": [],
            "stage_variables": null,
            "tags": {
              "Environment": "dev",
              "Managed_by": "terraform",
              "Stage": "dev"
            },
            "tags_all": {
              "Environment": "dev",
              "Managed_by": "terraform",
              "Stage": "dev"
            }
          },
          "sensitive_attributes": [],
          "private": "bnVsbA==",
          "dependencies": [
            "aws_apigatewayv2_api.HTTP_API",
            "aws_cloudwatch_log_group.api_logs"
          ]
        },
        {
          "index_key": "qa",
          "schema_version": 0,
          "attributes": {
            "access_log_settings": [
              {
                "destination_arn": "arn:aws:logs:us-east-1:302263066496:log-group:/aws/apigateway/http-api-dev/qa",
                "format": "{\"httpMethod\":\"$context.httpMethod\",\"ip\":\"$context.identity.sourceIp\",\"protocol\":\"$context.protocol\",\"requestId\":\"$context.requestId\",\"requestTime\":\"$context.requestTime\",\"responseLength\":\"$context.responseLength\",\"responseTime\":\"$context.responseLatency\",\"routeKey\":\"$context.routeKey\",\"status\":\"$context.status\"}"
              }
            ],
            "api_id": "p6c18jgly1",
            "arn": "arn:aws:apigateway:us-east-1::/apis/p6c18jgly1/stages/qa",
            "auto_deploy": true,
            "client_certificate_id": "",
            "default_route_settings": [
              {
                "data_trace_enabled": false,
                "detailed_metrics_enabled": false,
                "logging_level": "",
                "throttling_burst_limit": 0,
                "throttling_rate_limit": 0
              }
            ],
            "deployment_id": "",
            "description": "",
            "execution_arn": "arn:aws:execute-api:us-east-1:302263066496:p6c18jgly1/qa",
            "id": "qa",
            "invoke_url": "https://p6c18jgly1.execute-api.us-east-1.amazonaws.com/qa",
            "name": "qa",
            "region": "us-east-1",
            "route_settings": [],
            "stage_variables": null,
            "tags": {
              "Environment": "qa",
              "Managed_by": "terraform",
              "Stage": "qa"
            },
            "tags_all": {
              "Environment": "qa",
              "Managed_by": "terraform",
              "Stage": "qa"
            }
          },
          "sensitive_attributes": [],
          "private": "bnVsbA==",
          "dependencies": [
            "aws_apigatewayv2_api.HTTP_API",
            "aws_cloudwatch_log_group.api_logs"
          ]
        }
      ]
    },
    {
      "mode": "managed",
      "type": "aws_cloudwatch_log_group",
      "name": "api_logs",
      "provider": "provider[\"registry.terraform.io/hashicorp/aws\"]",
      "instances": [
        {
          "index_key": "dev",
          "schema_version": 0,
          "attributes": {
            "arn": "arn:aws:logs:us-east-1:302263066496:log-group:/aws/apigateway/http-api-dev/dev",
            "id": "/aws/apigateway/http-api-dev/dev",
            "kms_key_id": "",
            "log_group_class": "STANDARD",
            "name": "/aws/apigateway/http-api-dev/dev",
            "name_prefix": "",
            "region": "us-east-1",
            "retention_in_days": 7,
            "skip_destroy": false,
            "tags": {
              "Environment": "dev",
              "Managed_by": "terraform",
              "Stage": "dev"
            },
            "tags_all": {
              "Environment": "dev",
              "Managed_by": "terraform",
              "Stage": "dev"
            }
          },
          "sensitive_attributes": [],
          "private": "bnVsbA==",
          "dependencies": [
            "aws_apigatewayv2_api.HTTP_API"
          ]
        },
        {
          "index_key": "qa",
          "schema_version": 0,
          "attributes": {
            "arn": "arn:aws:logs:us-east-1:302263066496:log-group:/aws/apigateway/http-api-dev/qa",
            "id": "/aws/apigateway/http-api-dev/qa",
            "kms_key_id": "",
            "log_group_class": "STANDARD",
            "name": "/aws/apigateway/http-api-dev/qa",
            "name_prefix": "",
            "region": "us-east-1",
            "retention_in_days": 7,
            "skip_destroy": false,
            "tags": {
              "Environment": "qa",
              "Managed_by": "terraform",
              "Stage": "qa"
            },
            "tags_all": {
              "Environment": "qa",
              "Managed_by": "terraform",
              "Stage": "qa"
            }
          },
          "sensitive_attributes": [],
          "private": "bnVsbA==",
          "dependencies": [
            "aws_apigatewayv2_api.HTTP_API"
          ]
        }
      ]
    },
    {
      "mode": "managed",
      "type": "aws_cloudwatch_log_group",
      "name": "rest_api_logs",
      "provider": "provider[\"registry.terraform.io/hashicorp/aws\"]",
      "instances": [
        {
          "index_key": "dev",
          "schema_version": 0,
          "attributes": {
            "arn": "arn:aws:logs:us-east-1:302263066496:log-group:/aws/apigateway/rest/rest-api-dev/dev",
            "id": "/aws/apigateway/rest/rest-api-dev/dev",
            "kms_key_id": "",
            "log_group_class": "STANDARD",
            "name": "/aws/apigateway/rest/rest-api-dev/dev",
            "name_prefix": "",
            "region": "us-east-1",
            "retention_in_days": 7,
            "skip_destroy": false,
            "tags": {
              "Environment": "dev",
              "Managed_by": "terraform",
              "Stage": "dev"
            },
            "tags_all": {
              "Environment": "dev",
              "Managed_by": "terraform",
              "Stage": "dev"
            }
          },
          "sensitive_attributes": [],
          "private": "bnVsbA==",
          "dependencies": [
            "aws_api_gateway_rest_api.rest_api"
          ]
        },
        {
          "index_key": "qa",
          "schema_version": 0,
          "attributes": {
            "arn": "arn:aws:logs:us-east-1:302263066496:log-group:/aws/apigateway/rest/rest-api-dev/qa",
            "id": "/aws/apigateway/rest/rest-api-dev/qa",
            "kms_key_id": "",
            "log_group_class": "STANDARD",
            "name": "/aws/apigateway/rest/rest-api-dev/qa",
            "name_prefix": "",
            "region": "us-east-1",
            "retention_in_days": 7,
            "skip_destroy": false,
            "tags": {
              "Environment": "qa",
              "Managed_by": "terraform",
              "Stage": "qa"
            },
            "tags_all": {
              "Environment": "qa",
              "Managed_by": "terraform",
              "Stage": "qa"
            }
          },
          "sensitive_attributes": [],
          "private": "bnVsbA==",
          "dependencies": [
            "aws_api_gateway_rest_api.rest_api"
          ]
        }
      ]
    },
    {
      "mode": "managed",
      "type": "aws_iam_role",
      "name": "apigateway_cloudwatch",
      "provider": "provider[\"registry.terraform.io/hashicorp/aws\"]",
      "instances": [
        {
          "schema_version": 0,
          "attributes": {
            "arn": "arn:aws:iam::302263066496:role/api-gateway-cloudwatch-dev",
            "assume_role_policy": "{\"Statement\":[{\"Action\":\"sts:AssumeRole\",\"Effect\":\"Allow\",\"Principal\":{\"Service\":\"apigateway.amazonaws.com\"}}],\"Version\":\"2012-10-17\"}",
            "create_date": "2025-10-07T07:07:50Z",
            "description": "",
            "force_detach_policies": false,
            "id": "api-gateway-cloudwatch-dev",
            "inline_policy": [
              {
                "name": "api-gateway-cloudwatch-dev",
                "policy": "{\"Version\":\"2012-10-17\",\"Statement\":[{\"Action\":[\"logs:CreateLogGroup\",\"logs:CreateLogStream\",\"logs:DescribeLogGroups\",\"logs:DescribeLogStreams\",\"logs:PutLogEvents\",\"logs:GetLogEvents\",\"logs:FilterLogEvents\"],\"Effect\":\"Allow\",\"Resource\":\"*\"}]}"
              }
            ],
            "managed_policy_arns": [],
            "max_session_duration": 3600,
            "name": "api-gateway-cloudwatch-dev",
            "name_prefix": "",
            "path": "/",
            "permissions_boundary": "",
            "tags": {
              "Environment": "dev",
              "Managed_by": "terraform"
            },
            "tags_all": {
              "Environment": "dev",
              "Managed_by": "terraform"
            },
            "unique_id": "AROAUMYCIL6APH5GA3H76"
          },
          "sensitive_attributes": [],
          "private": "bnVsbA=="
        }
      ]
    },
    {
      "mode": "managed",
      "type": "aws_iam_role",
      "name": "authorizer_invocation",
      "provider": "provider[\"registry.terraform.io/hashicorp/aws\"]",
      "instances": [
        {
          "schema_version": 0,
          "attributes": {
            "arn": "arn:aws:iam::302263066496:role/api-gateway-auth-invocation-dev",
            "assume_role_policy": "{\"Statement\":[{\"Action\":\"sts:AssumeRole\",\"Effect\":\"Allow\",\"Principal\":{\"Service\":\"apigateway.amazonaws.com\"}}],\"Version\":\"2012-10-17\"}",
            "create_date": "2025-10-07T07:19:54Z",
            "description": "",
            "force_detach_policies": false,
            "id": "api-gateway-auth-invocation-dev",
            "inline_policy": [
              {
                "name": "api-gateway-auth-invocation-dev",
                "policy": "{\"Version\":\"2012-10-17\",\"Statement\":[{\"Action\":\"lambda:InvokeFunction\",\"Effect\":\"Allow\",\"Resource\":\"arn:aws:lambda:us-east-1:302263066496:function:api-authorizer-dev\"}]}"
              }
            ],
            "managed_policy_arns": [],
            "max_session_duration": 3600,
            "name": "api-gateway-auth-invocation-dev",
            "name_prefix": "",
            "path": "/",
            "permissions_boundary": "",
            "tags": {
              "Environment": "dev",
              "Managed_by": "terraform"
            },
            "tags_all": {
              "Environment": "dev",
              "Managed_by": "terraform"
            },
            "unique_id": "AROAUMYCIL6AOJKCXSKIY"
          },
          "sensitive_attributes": [],
          "private": "bnVsbA==",
          "create_before_destroy": true
        }
      ]
    },
    {
      "mode": "managed",
      "type": "aws_iam_role",
      "name": "lambda_role",
      "provider": "provider[\"registry.terraform.io/hashicorp/aws\"]",
      "instances": [
        {
          "schema_version": 0,
          "attributes": {
            "arn": "arn:aws:iam::302263066496:role/lambda-role-dev",
            "assume_role_policy": "{\"Statement\":[{\"Action\":\"sts:AssumeRole\",\"Effect\":\"Allow\",\"Principal\":{\"Service\":\"lambda.amazonaws.com\"}}],\"Version\":\"2012-10-17\"}",
            "create_date": "2025-10-07T06:50:59Z",
            "description": "",
            "force_detach_policies": false,
            "id": "lambda-role-dev",
            "inline_policy": [],
            "managed_policy_arns": [
              "arn:aws:iam::aws:policy/service-role/AWSLambdaBasicExecutionRole"
            ],
            "max_session_duration": 3600,
            "name": "lambda-role-dev",
            "name_prefix": "",
            "path": "/",
            "permissions_boundary": "",
            "tags": {
              "Environment": "dev",
              "Managed_by": "terraform"
            },
            "tags_all": {
              "Environment": "dev",
              "Managed_by": "terraform"
            },
            "unique_id": "AROAUMYCIL6AMRYOIDWH7"
          },
          "sensitive_attributes": [],
          "private": "bnVsbA==",
          "create_before_destroy": true
        }
      ]
    },
    {
      "mode": "managed",
      "type": "aws_iam_role_policy",
      "name": "apigateway_cloudwatch",
      "provider": "provider[\"registry.terraform.io/hashicorp/aws\"]",
      "instances": [
        {
          "schema_version": 0,
          "attributes": {
            "id": "api-gateway-cloudwatch-dev:api-gateway-cloudwatch-dev",
            "name": "api-gateway-cloudwatch-dev",
            "name_prefix": "",
            "policy": "{\"Version\":\"2012-10-17\",\"Statement\":[{\"Action\":[\"logs:CreateLogGroup\",\"logs:CreateLogStream\",\"logs:DescribeLogGroups\",\"logs:DescribeLogStreams\",\"logs:PutLogEvents\",\"logs:GetLogEvents\",\"logs:FilterLogEvents\"],\"Effect\":\"Allow\",\"Resource\":\"*\"}]}",
            "role": "api-gateway-cloudwatch-dev"
          },
          "sensitive_attributes": [],
          "private": "bnVsbA==",
          "dependencies": [
            "aws_iam_role.apigateway_cloudwatch"
          ]
        }
      ]
    },
    {
      "mode": "managed",
      "type": "aws_iam_role_policy",
      "name": "authorizer_invocation",
      "provider": "provider[\"registry.terraform.io/hashicorp/aws\"]",
      "instances": [
        {
          "schema_version": 0,
          "attributes": {
            "id": "api-gateway-auth-invocation-dev:api-gateway-auth-invocation-dev",
            "name": "api-gateway-auth-invocation-dev",
            "name_prefix": "",
            "policy": "{\"Version\":\"2012-10-17\",\"Statement\":[{\"Action\":\"lambda:InvokeFunction\",\"Effect\":\"Allow\",\"Resource\":\"arn:aws:lambda:us-east-1:302263066496:function:api-authorizer-dev\"}]}",
            "role": "api-gateway-auth-invocation-dev"
          },
          "sensitive_attributes": [],
          "private": "bnVsbA==",
          "dependencies": [
            "aws_iam_role.authorizer_invocation",
            "aws_iam_role.lambda_role",
            "aws_lambda_function.authorizer",
            "data.archive_file.authorizer_zip"
          ]
        }
      ]
    },
    {
      "mode": "managed",
      "type": "aws_iam_role_policy_attachment",
      "name": "lambda_basic",
      "provider": "provider[\"registry.terraform.io/hashicorp/aws\"]",
      "instances": [
        {
          "schema_version": 0,
          "attributes": {
            "id": "lambda-role-dev/arn:aws:iam::aws:policy/service-role/AWSLambdaBasicExecutionRole",
            "policy_arn": "arn:aws:iam::aws:policy/service-role/AWSLambdaBasicExecutionRole",
            "role": "lambda-role-dev"
          },
          "sensitive_attributes": [],
          "private": "bnVsbA==",
          "dependencies": [
            "aws_iam_role.lambda_role"
          ]
        }
      ]
    },
    {
      "mode": "managed",
      "type": "aws_lambda_function",
      "name": "api_handler",
      "provider": "provider[\"registry.terraform.io/hashicorp/aws\"]",
      "instances": [
        {
          "schema_version": 0,
          "attributes": {
            "architectures": [
              "x86_64"
            ],
            "arn": "arn:aws:lambda:us-east-1:302263066496:function:api-handler-dev",
            "code_sha256": "TVjKKX+lYJHggiI9+x7DYWnvnGAz7d0uod9ay2KhDuk=",
            "code_signing_config_arn": "",
            "dead_letter_config": [],
            "description": "",
            "environment": [
              {
                "variables": {
                  "ENVIRONMENT": "dev"
                }
              }
            ],
            "ephemeral_storage": [
              {
                "size": 512
              }
            ],
            "file_system_config": [],
            "filename": "./lambda.zip",
            "function_name": "api-handler-dev",
            "handler": "index.handler",
            "id": "api-handler-dev",
            "image_config": [],
            "image_uri": "",
            "invoke_arn": "arn:aws:apigateway:us-east-1:lambda:path/2015-03-31/functions/arn:aws:lambda:us-east-1:302263066496:function:api-handler-dev/invocations",
            "kms_key_arn": "",
            "last_modified": "2025-10-07T07:20:00.000+0000",
            "layers": [],
            "logging_config": [
              {
                "application_log_level": "",
                "log_format": "Text",
                "log_group": "/aws/lambda/api-handler-dev",
                "system_log_level": ""
              }
            ],
            "memory_size": 128,
            "package_type": "Zip",
            "publish": false,
            "qualified_arn": "arn:aws:lambda:us-east-1:302263066496:function:api-handler-dev:$LATEST",
            "qualified_invoke_arn": "arn:aws:apigateway:us-east-1:lambda:path/2015-03-31/functions/arn:aws:lambda:us-east-1:302263066496:function:api-handler-dev:$LATEST/invocations",
            "region": "us-east-1",
            "replace_security_groups_on_destroy": null,
            "replacement_security_group_ids": null,
            "reserved_concurrent_executions": -1,
            "role": "arn:aws:iam::302263066496:role/lambda-role-dev",
            "runtime": "nodejs20.x",
            "s3_bucket": null,
            "s3_key": null,
            "s3_object_version": null,
            "signing_job_arn": "",
            "signing_profile_version_arn": "",
            "skip_destroy": false,
            "snap_start": [],
            "source_code_hash": "TVjKKX+lYJHggiI9+x7DYWnvnGAz7d0uod9ay2KhDuk=",
            "source_code_size": 1284,
            "source_kms_key_arn": "",
            "tags": {
              "Environment": "dev",
              "Managed_by": "terraform"
            },
            "tags_all": {
              "Environment": "dev",
              "Managed_by": "terraform"
            },
            "timeout": 3,
            "timeouts": null,
            "tracing_config": [
              {
                "mode": "PassThrough"
              }
            ],
            "version": "$LATEST",
            "vpc_config": []
          },
          "sensitive_attributes": [],
          "private": "eyJlMmJmYjczMC1lY2FhLTExZTYtOGY4OC0zNDM2M2JjN2M0YzAiOnsiY3JlYXRlIjo2MDAwMDAwMDAwMDAsImRlbGV0ZSI6NjAwMDAwMDAwMDAwLCJ1cGRhdGUiOjYwMDAwMDAwMDAwMH19",
          "dependencies": [
            "aws_iam_role.lambda_role",
            "data.archive_file.lambda_zip"
          ],
          "create_before_destroy": true
        }
      ]
    },
    {
      "mode": "managed",
      "type": "aws_lambda_function",
      "name": "authorizer",
      "provider": "provider[\"registry.terraform.io/hashicorp/aws\"]",
      "instances": [
        {
          "schema_version": 0,
          "attributes": {
            "architectures": [
              "x86_64"
            ],
            "arn": "arn:aws:lambda:us-east-1:302263066496:function:api-authorizer-dev",
            "code_sha256": "CgazNc0s8INV0x+SuzNGTpixtIZXyesZ07+1ZCPG1+s=",
            "code_signing_config_arn": "",
            "dead_letter_config": [],
            "description": "",
            "environment": [
              {
                "variables": {
                  "ENVIRONMENT": "dev"
                }
              }
            ],
            "ephemeral_storage": [
              {
                "size": 512
              }
            ],
            "file_system_config": [],
            "filename": "./authorizer.zip",
            "function_name": "api-authorizer-dev",
            "handler": "authorizer.handler",
            "id": "api-authorizer-dev",
            "image_config": [],
            "image_uri": "",
            "invoke_arn": "arn:aws:apigateway:us-east-1:lambda:path/2015-03-31/functions/arn:aws:lambda:us-east-1:302263066496:function:api-authorizer-dev/invocations",
            "kms_key_arn": "",
            "last_modified": "2025-10-07T07:19:54.149+0000",
            "layers": [],
            "logging_config": [
              {
                "application_log_level": "",
                "log_format": "Text",
                "log_group": "/aws/lambda/api-authorizer-dev",
                "system_log_level": ""
              }
            ],
            "memory_size": 128,
            "package_type": "Zip",
            "publish": false,
            "qualified_arn": "arn:aws:lambda:us-east-1:302263066496:function:api-authorizer-dev:$LATEST",
            "qualified_invoke_arn": "arn:aws:apigateway:us-east-1:lambda:path/2015-03-31/functions/arn:aws:lambda:us-east-1:302263066496:function:api-authorizer-dev:$LATEST/invocations",
            "region": "us-east-1",
            "replace_security_groups_on_destroy": null,
            "replacement_security_group_ids": null,
            "reserved_concurrent_executions": -1,
            "role": "arn:aws:iam::302263066496:role/lambda-role-dev",
            "runtime": "nodejs20.x",
            "s3_bucket": null,
            "s3_key": null,
            "s3_object_version": null,
            "signing_job_arn": "",
            "signing_profile_version_arn": "",
            "skip_destroy": false,
            "snap_start": [],
            "source_code_hash": "CgazNc0s8INV0x+SuzNGTpixtIZXyesZ07+1ZCPG1+s=",
            "source_code_size": 765,
            "source_kms_key_arn": "",
            "tags": {
              "Environment": "dev",
              "Managed_by": "terraform"
            },
            "tags_all": {
              "Environment": "dev",
              "Managed_by": "terraform"
            },
            "timeout": 3,
            "timeouts": null,
            "tracing_config": [
              {
                "mode": "PassThrough"
              }
            ],
            "version": "$LATEST",
            "vpc_config": []
          },
          "sensitive_attributes": [],
          "private": "eyJlMmJmYjczMC1lY2FhLTExZTYtOGY4OC0zNDM2M2JjN2M0YzAiOnsiY3JlYXRlIjo2MDAwMDAwMDAwMDAsImRlbGV0ZSI6NjAwMDAwMDAwMDAwLCJ1cGRhdGUiOjYwMDAwMDAwMDAwMH19",
          "dependencies": [
            "aws_iam_role.lambda_role",
            "data.archive_file.authorizer_zip"
          ],
          "create_before_destroy": true
        }
      ]
    },
    {
      "mode": "managed",
      "type": "aws_lambda_permission",
      "name": "api_gw",
      "provider": "provider[\"registry.terraform.io/hashicorp/aws\"]",
      "instances": [
        {
          "schema_version": 0,
          "attributes": {
            "action": "lambda:InvokeFunction",
            "event_source_token": null,
            "function_name": "api-handler-dev",
            "function_url_auth_type": null,
            "id": "AllowAPIGatewayInvoke",
            "principal": "apigateway.amazonaws.com",
            "principal_org_id": null,
            "qualifier": "",
            "region": "us-east-1",
            "source_account": null,
            "source_arn": "arn:aws:execute-api:us-east-1:302263066496:p6c18jgly1/*/*",
            "statement_id": "AllowAPIGatewayInvoke",
            "statement_id_prefix": ""
          },
          "sensitive_attributes": [],
          "private": "bnVsbA==",
          "dependencies": [
            "aws_apigatewayv2_api.HTTP_API",
            "aws_iam_role.lambda_role",
            "aws_lambda_function.api_handler",
            "data.archive_file.lambda_zip"
          ]
        }
      ]
    },
    {
      "mode": "managed",
      "type": "aws_lambda_permission",
      "name": "authorizer",
      "provider": "provider[\"registry.terraform.io/hashicorp/aws\"]",
      "instances": [
        {
          "schema_version": 0,
          "attributes": {
            "action": "lambda:InvokeFunction",
            "event_source_token": null,
            "function_name": "api-authorizer-dev",
            "function_url_auth_type": null,
            "id": "AllowAPIGatewayInvokeAuthorizer",
            "principal": "apigateway.amazonaws.com",
            "principal_org_id": null,
            "qualifier": "",
            "region": "us-east-1",
            "source_account": null,
            "source_arn": "arn:aws:execute-api:us-east-1:302263066496:122ipm2a6b/*",
            "statement_id": "AllowAPIGatewayInvokeAuthorizer",
            "statement_id_prefix": ""
          },
          "sensitive_attributes": [],
          "private": "bnVsbA==",
          "dependencies": [
            "aws_api_gateway_rest_api.rest_api",
            "aws_iam_role.lambda_role",
            "aws_lambda_function.authorizer",
            "data.archive_file.authorizer_zip"
          ]
        }
      ]
    },
    {
      "mode": "managed",
      "type": "aws_lambda_permission",
      "name": "rest_api_gw",
      "provider": "provider[\"registry.terraform.io/hashicorp/aws\"]",
      "instances": [
        {
          "schema_version": 0,
          "attributes": {
            "action": "lambda:InvokeFunction",
            "event_source_token": null,
            "function_name": "api-handler-dev",
            "function_url_auth_type": null,
            "id": "AllowRESTAPIGatewayInvoke",
            "principal": "apigateway.amazonaws.com",
            "principal_org_id": null,
            "qualifier": "",
            "region": "us-east-1",
            "source_account": null,
            "source_arn": "arn:aws:execute-api:us-east-1:302263066496:122ipm2a6b/*/*",
            "statement_id": "AllowRESTAPIGatewayInvoke",
            "statement_id_prefix": ""
          },
          "sensitive_attributes": [],
          "private": "bnVsbA==",
          "dependencies": [
            "aws_api_gateway_rest_api.rest_api",
            "aws_iam_role.lambda_role",
            "aws_lambda_function.api_handler",
            "data.archive_file.lambda_zip"
          ]
        }
      ]
    }
  ],
  "check_results": null
}
